{
  "object": {
    "pins": [
      {
        "package": "WWPrint",
        "repositoryURL": "https://github.com/William-Weng/WWPrint",
        "state": {
          "branch": null,
          "revision": "e4ad2863717465f224aa676f10a3a7ff1df58f7c",
          "version": "1.0.0"
        }
      },
      {
        "package": "WWSegmentControlView",
        "repositoryURL": "https://github.com/William-Weng/WWSegmentControlView.git",
        "state": {
          "branch": null,
          "revision": "55e30297fcb591079c8dc4b30e49add4a43e3d61",
          "version": "1.0.1"
        }
      }
    ]
  },
  "version": 1
}
